// !$*UTF8*$!
{
	archiveVersion = 1;
	classes = {
	};
	objectVersion = 50;
	objects = {

/* Begin PBXBuildFile section */
		D80ECB21227C86EC003B8EDB /* AppDelegate.swift in Sources */ = {isa = PBXBuildFile; fileRef = D80ECB20227C86EC003B8EDB /* AppDelegate.swift */; };
		D80ECB23227C86EC003B8EDB /* ViewController.swift in Sources */ = {isa = PBXBuildFile; fileRef = D80ECB22227C86EC003B8EDB /* ViewController.swift */; };
		D80ECB26227C86EC003B8EDB /* Main.storyboard in Resources */ = {isa = PBXBuildFile; fileRef = D80ECB24227C86EC003B8EDB /* Main.storyboard */; };
		D80ECB28227C86F1003B8EDB /* Assets.xcassets in Resources */ = {isa = PBXBuildFile; fileRef = D80ECB27227C86F1003B8EDB /* Assets.xcassets */; };
		D80ECB2B227C86F1003B8EDB /* LaunchScreen.storyboard in Resources */ = {isa = PBXBuildFile; fileRef = D80ECB29227C86F1003B8EDB /* LaunchScreen.storyboard */; };
		D80ECB35227C9431003B8EDB /* MainCollectionViewCell.swift in Sources */ = {isa = PBXBuildFile; fileRef = D80ECB34227C9431003B8EDB /* MainCollectionViewCell.swift */; };
		D80ECB37227C9F18003B8EDB /* DetailViewController.swift in Sources */ = {isa = PBXBuildFile; fileRef = D80ECB36227C9F18003B8EDB /* DetailViewController.swift */; };
		D80ECB39227CC177003B8EDB /* Model.swift in Sources */ = {isa = PBXBuildFile; fileRef = D80ECB38227CC177003B8EDB /* Model.swift */; };
		D80F84B2227ED47E0053F067 /* SectionHeaderView.swift in Sources */ = {isa = PBXBuildFile; fileRef = D80F84B1227ED47E0053F067 /* SectionHeaderView.swift */; };
/* End PBXBuildFile section */

/* Begin PBXFileReference section */
		D80ECB1D227C86EC003B8EDB /* CollectionView.app */ = {isa = PBXFileReference; explicitFileType = wrapper.application; includeInIndex = 0; path = CollectionView.app; sourceTree = BUILT_PRODUCTS_DIR; };
		D80ECB20227C86EC003B8EDB /* AppDelegate.swift */ = {isa = PBXFileReference; lastKnownFileType = sourcecode.swift; path = AppDelegate.swift; sourceTree = "<group>"; };
		D80ECB22227C86EC003B8EDB /* ViewController.swift */ = {isa = PBXFileReference; lastKnownFileType = sourcecode.swift; path = ViewController.swift; sourceTree = "<group>"; };
		D80ECB25227C86EC003B8EDB /* Base */ = {isa = PBXFileReference; lastKnownFileType = file.storyboard; name = Base; path = Base.lproj/Main.storyboard; sourceTree = "<group>"; };
		D80ECB27227C86F1003B8EDB /* Assets.xcassets */ = {isa = PBXFileReference; lastKnownFileType = folder.assetcatalog; path = Assets.xcassets; sourceTree = "<group>"; };
		D80ECB2A227C86F1003B8EDB /* Base */ = {isa = PBXFileReference; lastKnownFileType = file.storyboard; name = Base; path = Base.lproj/LaunchScreen.storyboard; sourceTree = "<group>"; };
		D80ECB2C227C86F1003B8EDB /* Info.plist */ = {isa = PBXFileReference; lastKnownFileType = text.plist.xml; path = Info.plist; sourceTree = "<group>"; };
		D80ECB34227C9431003B8EDB /* MainCollectionViewCell.swift */ = {isa = PBXFileReference; lastKnownFileType = sourcecode.swift; path = MainCollectionViewCell.swift; sourceTree = "<group>"; };
		D80ECB36227C9F18003B8EDB /* DetailViewController.swift */ = {isa = PBXFileReference; lastKnownFileType = sourcecode.swift; path = DetailViewController.swift; sourceTree = "<group>"; };
		D80ECB38227CC177003B8EDB /* Model.swift */ = {isa = PBXFileReference; lastKnownFileType = sourcecode.swift; path = Model.swift; sourceTree = "<group>"; };
		D80F84B1227ED47E0053F067 /* SectionHeaderView.swift */ = {isa = PBXFileReference; lastKnownFileType = sourcecode.swift; path = SectionHeaderView.swift; sourceTree = "<group>"; };
/* End PBXFileReference section */

/* Begin PBXFrameworksBuildPhase section */
		D80ECB1A227C86EC003B8EDB /* Frameworks */ = {
			isa = PBXFrameworksBuildPhase;
			buildActionMask = 2147483647;
			files = (
			);
			runOnlyForDeploymentPostprocessing = 0;
		};
/* End PBXFrameworksBuildPhase section */

/* Begin PBXGroup section */
		D80ECB14227C86EC003B8EDB = {
			isa = PBXGroup;
			children = (
				D80ECB1F227C86EC003B8EDB /* CollectionView */,
				D80ECB1E227C86EC003B8EDB /* Products */,
			);
			sourceTree = "<group>";
		};
		D80ECB1E227C86EC003B8EDB /* Products */ = {
			isa = PBXGroup;
			children = (
				D80ECB1D227C86EC003B8EDB /* CollectionView.app */,
			);
			name = Products;
			sourceTree = "<group>";
		};
		D80ECB1F227C86EC003B8EDB /* CollectionView */ = {
			isa = PBXGroup;
			children = (
				D80ECB20227C86EC003B8EDB /* AppDelegate.swift */,
				D80ECB36227C9F18003B8EDB /* DetailViewController.swift */,
				D80ECB34227C9431003B8EDB /* MainCollectionViewCell.swift */,
				D80ECB22227C86EC003B8EDB /* ViewController.swift */,
				D80ECB38227CC177003B8EDB /* Model.swift */,
				D80ECB24227C86EC003B8EDB /* Main.storyboard */,
				D80F84B1227ED47E0053F067 /* SectionHeaderView.swift */,
				D80ECB27227C86F1003B8EDB /* Assets.xcassets */,
				D80ECB29227C86F1003B8EDB /* LaunchScreen.storyboard */,
				D80ECB2C227C86F1003B8EDB /* Info.plist */,
			);
			path = CollectionView;
			sourceTree = "<group>";
		};
/* End PBXGroup section */

/* Begin PBXNativeTarget section */
		D80ECB1C227C86EC003B8EDB /* CollectionView */ = {
			isa = PBXNativeTarget;
			buildConfigurationList = D80ECB2F227C86F1003B8EDB /* Build configuration list for PBXNativeTarget "CollectionView" */;
			buildPhases = (
				D80ECB19227C86EC003B8EDB /* Sources */,
				D80ECB1A227C86EC003B8EDB /* Frameworks */,
				D80ECB1B227C86EC003B8EDB /* Resources */,
			);
			buildRules = (
			);
			dependencies = (
			);
			name = CollectionView;
			productName = CollectionView;
			productReference = D80ECB1D227C86EC003B8EDB /* CollectionView.app */;
			productType = "com.apple.product-type.application";
		};
/* End PBXNativeTarget section */

/* Begin PBXProject section */
		D80ECB15227C86EC003B8EDB /* Project object */ = {
			isa = PBXProject;
			attributes = {
				LastSwiftUpdateCheck = 1020;
				LastUpgradeCheck = 1020;
				ORGANIZATIONNAME = VyacheslavKrivoi;
				TargetAttributes = {
					D80ECB1C227C86EC003B8EDB = {
						CreatedOnToolsVersion = 10.2;
					};
				};
			};
			buildConfigurationList = D80ECB18227C86EC003B8EDB /* Build configuration list for PBXProject "CollectionView" */;
			compatibilityVersion = "Xcode 9.3";
			developmentRegion = en;
			hasScannedForEncodings = 0;
			knownRegions = (
				en,
				Base,
			);
			mainGroup = D80ECB14227C86EC003B8EDB;
			productRefGroup = D80ECB1E227C86EC003B8EDB /* Products */;
			projectDirPath = "";
			projectRoot = "";
			targets = (
				D80ECB1C227C86EC003B8EDB /* CollectionView */,
			);
		};
/* End PBXProject section */

/* Begin PBXResourcesBuildPhase section */
		D80ECB1B227C86EC003B8EDB /* Resources */ = {
			isa = PBXResourcesBuildPhase;
			buildActionMask = 2147483647;
			files = (
				D80ECB2B227C86F1003B8EDB /* LaunchScreen.storyboard in Resources */,
				D80ECB28227C86F1003B8EDB /* Assets.xcassets in Resources */,
				D80ECB26227C86EC003B8EDB /* Main.storyboard in Resources */,
			);
			runOnlyForDeploymentPostprocessing = 0;
		};
/* End PBXResourcesBuildPhase section */

/* Begin PBXSourcesBuildPhase section */
		D80ECB19227C86EC003B8EDB /* Sources */ = {
			isa = PBXSourcesBuildPhase;
			buildActionMask = 2147483647;
			files = (
				D80ECB23227C86EC003B8EDB /* ViewController.swift in Sources */,
				D80F84B2227ED47E0053F067 /* SectionHeaderView.swift in Sources */,
				D80ECB35227C9431003B8EDB /* MainCollectionViewCell.swift in Sources */,
				D80ECB39227CC177003B8EDB /* Model.swift in Sources */,
				D80ECB21227C86EC003B8EDB /* AppDelegate.swift in Sources */,
				D80ECB37227C9F18003B8EDB /* DetailViewController.swift in Sources */,
			);
			runOnlyForDeploymentPostprocessing = 0;
		};
/* End PBXSourcesBuildPhase section */

/* Begin PBXVariantGroup section */
		D80ECB24227C86EC003B8EDB /* Main.storyboard */ = {
			isa = PBXVariantGroup;
			children = (
				D80ECB25227C86EC003B8EDB /* Base */,
			);
			name = Main.storyboard;
			sourceTree = "<group>";
		};
		D80ECB29227C86F1003B8EDB /* LaunchScreen.storyboard */ = {
			isa = PBXVariantGroup;
			children = (
				D80ECB2A227C86F1003B8EDB /* Base */,
			);
			name = LaunchScreen.storyboard;
			sourceTree = "<group>";
		};
/* End PBXVariantGroup section */

/* Begin XCBuildConfiguration section */
		D80ECB2D227C86F1003B8EDB /* Debug */ = {
			isa = XCBuildConfiguration;
			buildSettings = {
				ALWAYS_SEARCH_USER_PATHS = NO;
				CLANG_ANALYZER_NONNULL = YES;
				CLANG_ANALYZER_NUMBER_OBJECT_CONVERSION = YES_AGGRESSIVE;
				CLANG_CXX_LANGUAGE_STANDARD = "gnu++14";
				CLANG_CXX_LIBRARY = "libc++";
				CLANG_ENABLE_MODULES = YES;
				CLANG_ENABLE_OBJC_ARC = YES;
				CLANG_ENABLE_OBJC_WEAK = YES;
				CLANG_WARN_BLOCK_CAPTURE_AUTORELEASING = YES;
				CLANG_WARN_BOOL_CONVERSION = YES;
				CLANG_WARN_COMMA = YES;
				CLANG_WARN_CONSTANT_CONVERSION = YES;
				CLANG_WARN_DEPRECATED_OBJC_IMPLEMENTATIONS = YES;
				CLANG_WARN_DIRECT_OBJC_ISA_USAGE = YES_ERROR;
				CLANG_WARN_DOCUMENTATION_COMMENTS = YES;
				CLANG_WARN_EMPTY_BODY = YES;
				CLANG_WARN_ENUM_CONVERSION = YES;
				CLANG_WARN_INFINITE_RECURSION = YES;
				CLANG_WARN_INT_CONVERSION = YES;
				CLANG_WARN_NON_LITERAL_NULL_CONVERSION = YES;
				CLANG_WARN_OBJC_IMPLICIT_RETAIN_SELF = YES;
				CLANG_WARN_OBJC_LITERAL_CONVERSION = YES;
				CLANG_WARN_OBJC_ROOT_CLASS = YES_ERROR;
				CLANG_WARN_RANGE_LOOP_ANALYSIS = YES;
				CLANG_WARN_STRICT_PROTOTYPES = YES;
				CLANG_WARN_SUSPICIOUS_MOVE = YES;
				CLANG_WARN_UNGUARDED_AVAILABILITY = YES_AGGRESSIVE;
				CLANG_WARN_UNREACHABLE_CODE = YES;
				CLANG_WARN__DUPLICATE_METHOD_MATCH = YES;
				CODE_SIGN_IDENTITY = "iPhone Developer";
				COPY_PHASE_STRIP = NO;
				DEBUG_INFORMATION_FORMAT = dwarf;
				ENABLE_STRICT_OBJC_MSGSEND = YES;
				ENABLE_TESTABILITY = YES;
				GCC_C_LANGUAGE_STANDARD = gnu11;
				GCC_DYNAMIC_NO_PIC = NO;
				GCC_NO_COMMON_BLOCKS = YES;
				GCC_OPTIMIZATION_LEVEL = 0;
				GCC_PREPROCESSOR_DEFINITIONS = (
					"DEBUG=1",
					"$(inherited)",
				);
				GCC_WARN_64_TO_32_BIT_CONVERSION = YES;
				GCC_WARN_ABOUT_RETURN_TYPE = YES_ERROR;
				GCC_WARN_UNDECLARED_SELECTOR = YES;
				GCC_WARN_UNINITIALIZED_AUTOS = YES_AGGRESSIVE;
				GCC_WARN_UNUSED_FUNCTION = YES;
				GCC_WARN_UNUSED_VARIABLE = YES;
				IPHONEOS_DEPLOYMENT_TARGET = 12.2;
				MTL_ENABLE_DEBUG_INFO = INCLUDE_SOURCE;
				MTL_FAST_MATH = YES;
				ONLY_ACTIVE_ARCH = YES;
				SDKROOT = iphoneos;
				SWIFT_ACTIVE_COMPILATION_CONDITIONS = DEBUG;
				SWIFT_OPTIMIZATION_LEVEL = "-Onone";
			};
			name = Debug;
		};
		D80ECB2E227C86F1003B8EDB /* Release */ = {
			isa = XCBuildConfiguration;
			buildSettings = {
				ALWAYS_SEARCH_USER_PATHS = NO;
				CLANG_ANALYZER_NONNULL = YES;
				CLANG_ANALYZER_NUMBER_OBJECT_CONVERSION = YES_AGGRESSIVE;
				CLANG_CXX_LANGUAGE_STANDARD = "gnu++14";
				CLANG_CXX_LIBRARY = "libc++";
				CLANG_ENABLE_MODULES = YES;
				CLANG_ENABLE_OBJC_ARC = YES;
				CLANG_ENABLE_OBJC_WEAK = YES;
				CLANG_WARN_BLOCK_CAPTURE_AUTORELEASING = YES;
				CLANG_WARN_BOOL_CONVERSION = YES;
				CLANG_WARN_COMMA = YES;
				CLANG_WARN_CONSTANT_CONVERSION = YES;
				CLANG_WARN_DEPRECATED_OBJC_IMPLEMENTATIONS = YES;
				CLANG_WARN_DIRECT_OBJC_ISA_USAGE = YES_ERROR;
				CLANG_WARN_DOCUMENTATION_COMMENTS = YES;
				CLANG_WARN_EMPTY_BODY = YES;
				CLANG_WARN_ENUM_CONVERSION = YES;
				CLANG_WARN_INFINITE_RECURSION = YES;
				CLANG_WARN_INT_CONVERSION = YES;
				CLANG_WARN_NON_LITERAL_NULL_CONVERSION = YES;
				CLANG_WARN_OBJC_IMPLICIT_RETAIN_SELF = YES;
				CLANG_WARN_OBJC_LITERAL_CONVERSION = YES;
				CLANG_WARN_OBJC_ROOT_CLASS = YES_ERROR;
				CLANG_WARN_RANGE_LOOP_ANALYSIS = YES;
				CLANG_WARN_STRICT_PROTOTYPES = YES;
				CLANG_WARN_SUSPICIOUS_MOVE = YES;
				CLANG_WARN_UNGUARDED_AVAILABILITY = YES_AGGRESSIVE;
				CLANG_WARN_UNREACHABLE_CODE = YES;
				CLANG_WARN__DUPLICATE_METHOD_MATCH = YES;
				CODE_SIGN_IDENTITY = "iPhone Developer";
				COPY_PHASE_STRIP = NO;
				DEBUG_INFORMATION_FORMAT = "dwarf-with-dsym";
				ENABLE_NS_ASSERTIONS = NO;
				ENABLE_STRICT_OBJC_MSGSEND = YES;
				GCC_C_LANGUAGE_STANDARD = gnu11;
				GCC_NO_COMMON_BLOCKS = YES;
				GCC_WARN_64_TO_32_BIT_CONVERSION = YES;
				GCC_WARN_ABOUT_RETURN_TYPE = YES_ERROR;
				GCC_WARN_UNDECLARED_SELECTOR = YES;
				GCC_WARN_UNINITIALIZED_AUTOS = YES_AGGRESSIVE;
				GCC_WARN_UNUSED_FUNCTION = YES;
				GCC_WARN_UNUSED_VARIABLE = YES;
				IPHONEOS_DEPLOYMENT_TARGET = 12.2;
				MTL_ENABLE_DEBUG_INFO = NO;
				MTL_FAST_MATH = YES;
				SDKROOT = iphoneos;
				SWIFT_COMPILATION_MODE = wholemodule;
				SWIFT_OPTIMIZATION_LEVEL = "-O";
				VALIDATE_PRODUCT = YES;
			};
			name = Release;
		};
		D80ECB30227C86F1003B8EDB /* Debug */ = {
			isa = XCBuildConfiguration;
			buildSettings = {
				ASSETCATALOG_COMPILER_APPICON_NAME = AppIcon;
				CODE_SIGN_STYLE = Automatic;
				INFOPLIST_FILE = CollectionView/Info.plist;
				LD_RUNPATH_SEARCH_PATHS = (
					"$(inherited)",
					"@executable_path/Frameworks",
				);
				PRODUCT_BUNDLE_IDENTIFIER = home.CollectionView;
				PRODUCT_NAME = "$(TARGET_NAME)";
				SWIFT_VERSION = 5.0;
				TARGETED_DEVICE_FAMILY = "1,2";
			};
			name = Debug;
		};
		D80ECB31227C86F1003B8EDB /* Release */ = {
			isa = XCBuildConfiguration;
			buildSettings = {
				ASSETCATALOG_COMPILER_APPICON_NAME = AppIcon;
				CODE_SIGN_STYLE = Automatic;
				INFOPLIST_FILE = CollectionView/Info.plist;
				LD_RUNPATH_SEARCH_PATHS = (
					"$(inherited)",
					"@executable_path/Frameworks",
				);
				PRODUCT_BUNDLE_IDENTIFIER = home.CollectionView;
				PRODUCT_NAME = "$(TARGET_NAME)";
				SWIFT_VERSION = 5.0;
				TARGETED_DEVICE_FAMILY = "1,2";
			};
			name = Release;
		};
/* End XCBuildConfiguration section */

/* Begin XCConfigurationList section */
		D80ECB18227C86EC003B8EDB /* Build configuration list for PBXProject "CollectionView" */ = {
			isa = XCConfigurationList;
			buildConfigurations = (
				D80ECB2D227C86F1003B8EDB /* Debug */,
				D80ECB2E227C86F1003B8EDB /* Release */,
			);
			defaultConfigurationIsVisible = 0;
			defaultConfigurationName = Release;
		};
		D80ECB2F227C86F1003B8EDB /* Build configuration list for PBXNativeTarget "CollectionView" */ = {
			isa = XCConfigurationList;
			buildConfigurations = (
				D80ECB30227C86F1003B8EDB /* Debug */,
				D80ECB31227C86F1003B8EDB /* Release */,
			);
			defaultConfigurationIsVisible = 0;
			defaultConfigurationName = Release;
		};
/* End XCConfigurationList section */
	};
	rootObject = D80ECB15227C86EC003B8EDB /* Project object */;
}
